
Microsoft Visual Studio Solution File, Format Version 12.00
# Visual Studio Version 17
VisualStudioVersion = 17.9.34728.123
MinimumVisualStudioVersion = 10.0.40219.1
Project("{FAE04EC0-301F-11D3-BF4B-00C04F79EFBC}") = "ChessLogic", "ChessLogic\ChessLogic.csproj", "{24139D2D-95F4-4023-AC2E-A676676F29ED}"
EndProject
Project("{FAE04EC0-301F-11D3-BF4B-00C04F79EFBC}") = "ChessUI", "ChessUI\ChessUI.csproj", "{B9F0EEC3-1C33-4429-BE32-B266ADB70651}"
EndProject
Global
	GlobalSection(SolutionConfigurationPlatforms) = preSolution
		Debug|Any CPU = Debug|Any CPU
		Release|Any CPU = Release|Any CPU
	EndGlobalSection
	GlobalSection(ProjectConfigurationPlatforms) = postSolution
		{24139D2D-95F4-4023-AC2E-A676676F29ED}.Debug|Any CPU.ActiveCfg = Debug|Any CPU
		{24139D2D-95F4-4023-AC2E-A676676F29ED}.Debug|Any CPU.Build.0 = Debug|Any CPU
		{24139D2D-95F4-4023-AC2E-A676676F29ED}.Release|Any CPU.ActiveCfg = Release|Any CPU
		{24139D2D-95F4-4023-AC2E-A676676F29ED}.Release|Any CPU.Build.0 = Release|Any CPU
		{B9F0EEC3-1C33-4429-BE32-B266ADB70651}.Debug|Any CPU.ActiveCfg = Debug|Any CPU
		{B9F0EEC3-1C33-4429-BE32-B266ADB70651}.Debug|Any CPU.Build.0 = Debug|Any CPU
		{B9F0EEC3-1C33-4429-BE32-B266ADB70651}.Release|Any CPU.ActiveCfg = Release|Any CPU
		{B9F0EEC3-1C33-4429-BE32-B266ADB70651}.Release|Any CPU.Build.0 = Release|Any CPU
	EndGlobalSection
	GlobalSection(SolutionProperties) = preSolution
		HideSolutionNode = FALSE
	EndGlobalSection
	GlobalSection(ExtensibilityGlobals) = postSolution
		SolutionGuid = {8F2E2950-1430-4103-AEE8-135308577E24}
	EndGlobalSection
EndGlobal
